
Microsoft Visual Studio Solution File, Format Version 12.00
# Visual Studio Version 17
VisualStudioVersion = 17.7.34003.232
MinimumVisualStudioVersion = 10.0.40219.1
Project("{9A19103F-16F7-4668-BE54-9A1E7A4F7556}") = "ATDD", "ATDD\ATDD.csproj", "{C13ED159-7DB9-4C26-A121-6753E199C7E2}"
EndProject
Project("{FAE04EC0-301F-11D3-BF4B-00C04F79EFBC}") = "ATDDTests", "ATDDTests\ATDDTests.csproj", "{8058B940-C34C-43C9-9AD4-6F935028E004}"
EndProject
Global
	GlobalSection(SolutionConfigurationPlatforms) = preSolution
		Debug|Any CPU = Debug|Any CPU
		Release|Any CPU = Release|Any CPU
	EndGlobalSection
	GlobalSection(ProjectConfigurationPlatforms) = postSolution
		{C13ED159-7DB9-4C26-A121-6753E199C7E2}.Debug|Any CPU.ActiveCfg = Debug|Any CPU
		{C13ED159-7DB9-4C26-A121-6753E199C7E2}.Debug|Any CPU.Build.0 = Debug|Any CPU
		{C13ED159-7DB9-4C26-A121-6753E199C7E2}.Release|Any CPU.ActiveCfg = Release|Any CPU
		{C13ED159-7DB9-4C26-A121-6753E199C7E2}.Release|Any CPU.Build.0 = Release|Any CPU
		{8058B940-C34C-43C9-9AD4-6F935028E004}.Debug|Any CPU.ActiveCfg = Debug|Any CPU
		{8058B940-C34C-43C9-9AD4-6F935028E004}.Debug|Any CPU.Build.0 = Debug|Any CPU
		{8058B940-C34C-43C9-9AD4-6F935028E004}.Release|Any CPU.ActiveCfg = Release|Any CPU
		{8058B940-C34C-43C9-9AD4-6F935028E004}.Release|Any CPU.Build.0 = Release|Any CPU
	EndGlobalSection
	GlobalSection(SolutionProperties) = preSolution
		HideSolutionNode = FALSE
	EndGlobalSection
	GlobalSection(ExtensibilityGlobals) = postSolution
		SolutionGuid = {887A001C-A468-48A8-8EDA-D5EA6E1D4933}
	EndGlobalSection
EndGlobal
